{
  "object": {
    "pins": [
      {
        "package": "MyStyles",
        "repositoryURL": "https://github.com/ciaranmul/MyStyles",
        "state": {
          "branch": "main",
          "revision": "8a2386cdfbfe10a80982ec84311178d3ac5d14f7",
          "version": null
        }
      }
    ]
  },
  "version": 1
}
