{
  "object": {
    "pins": [
      {
        "package": "MyStyles",
        "repositoryURL": "https://github.com/ciaranmul/MyStyles",
        "state": {
          "branch": "main",
          "revision": "b8cbdfbe679c34ed7bec2e546161c9edc4576286",
          "version": null
        }
      }
    ]
  },
  "version": 1
}
