{
  "object": {
    "pins": [
      {
        "package": "MyStyles",
        "repositoryURL": "https://github.com/ciaranmul/MyStyles",
        "state": {
          "branch": "rwgrier/poc/theme",
          "revision": "6dd33c9071463500aca69f8a0cc2d08b62752dd9",
          "version": null
        }
      }
    ]
  },
  "version": 1
}
